# This file is automatically @generated by Cargo.
# It is not intended for manual editing.
version = 4

[[package]]
name = "bitflags"
version = "2.8.0"
source = "registry+https://github.com/rust-lang/crates.io-index"
checksum = "8f68f53c83ab957f72c32642f3868eec03eb974d1fb82e453128456482613d36"

[[package]]
name = "bitflags-derive"
version = "0.0.3"
source = "registry+https://github.com/rust-lang/crates.io-index"
checksum = "c3ea43df5bc4b873569034b1e19fa5d0a29d5868d604cd108366797e99e29d86"
dependencies = [
 "bitflags",
 "bitflags-derive-macros",
]

[[package]]
name = "bitflags-derive-macros"
version = "0.0.3"
source = "registry+https://github.com/rust-lang/crates.io-index"
checksum = "2641a11f4fc1fe4873d877bf8cd5ae5ee6e599e9a6ddd90d8652655733d30778"
dependencies = [
 "proc-macro2",
 "quote",
 "syn",
]

[[package]]
name = "bitflags_example"
version = "0.1.0"
dependencies = [
 "bitflags",
 "bitflags-derive",
]

[[package]]
name = "cfg-if"
version = "1.0.0"
source = "registry+https://github.com/rust-lang/crates.io-index"
checksum = "baf1de4339761588bc0619e3cbc0120ee582ebb74b53b4efbf79117bd2da40fd"

[[package]]
name = "cfg_condition"
version = "0.1.0"
dependencies = [
 "cfg-if",
]

[[package]]
name = "control_flow"
version = "0.1.0"

[[package]]
name = "declarative_macro_example"
version = "0.1.0"

[[package]]
name = "from_into_trait"
version = "0.1.0"

[[package]]
name = "function_example"
version = "0.1.0"

[[package]]
name = "hello_macro"
version = "0.1.0"
dependencies = [
 "hello_macro_derive",
]

[[package]]
name = "hello_macro_derive"
version = "0.1.0"
dependencies = [
 "quote",
 "syn",
]

[[package]]
name = "proc-macro2"
version = "1.0.93"
source = "registry+https://github.com/rust-lang/crates.io-index"
checksum = "60946a68e5f9d28b0dc1c21bb8a97ee7d018a8b322fa57838ba31cc878e22d99"
dependencies = [
 "unicode-ident",
]

[[package]]
name = "proc_macro_example"
version = "0.1.0"
dependencies = [
 "hello_macro",
]

[[package]]
name = "quote"
version = "1.0.38"
source = "registry+https://github.com/rust-lang/crates.io-index"
checksum = "0e4dccaaaf89514f546c693ddc140f729f958c247918a13380cccc6078391acc"
dependencies = [
 "proc-macro2",
]

[[package]]
name = "syn"
version = "2.0.96"
source = "registry+https://github.com/rust-lang/crates.io-index"
checksum = "d5d0adab1ae378d7f53bdebc67a39f1f151407ef230f0ce2883572f5d8985c80"
dependencies = [
 "proc-macro2",
 "quote",
 "unicode-ident",
]

[[package]]
name = "unicode-ident"
version = "1.0.16"
source = "registry+https://github.com/rust-lang/crates.io-index"
checksum = "a210d160f08b701c8721ba1c726c11662f877ea6b7094007e1ca9a1041945034"
